// !$*UTF8*$!
{
	archiveVersion = 1;
	classes = {
	};
	objectVersion = 48;
	objects = {

/* Begin PBXBuildFile section */
		A533FC181FB84A8B008A3439 /* AppDelegate.swift in Sources */ = {isa = PBXBuildFile; fileRef = A533FC171FB84A8B008A3439 /* AppDelegate.swift */; };
		A533FC1A1FB84A8B008A3439 /* SolarViewController.swift in Sources */ = {isa = PBXBuildFile; fileRef = A533FC191FB84A8B008A3439 /* SolarViewController.swift */; };
		A533FC1D1FB84A8B008A3439 /* Main.storyboard in Resources */ = {isa = PBXBuildFile; fileRef = A533FC1B1FB84A8B008A3439 /* Main.storyboard */; };
		A533FC1F1FB84A8B008A3439 /* Assets.xcassets in Resources */ = {isa = PBXBuildFile; fileRef = A533FC1E1FB84A8B008A3439 /* Assets.xcassets */; };
		A533FC221FB84A8B008A3439 /* LaunchScreen.storyboard in Resources */ = {isa = PBXBuildFile; fileRef = A533FC201FB84A8B008A3439 /* LaunchScreen.storyboard */; };
		A533FC2D1FB84A8B008A3439 /* PlanetsTests.swift in Sources */ = {isa = PBXBuildFile; fileRef = A533FC2C1FB84A8B008A3439 /* PlanetsTests.swift */; };
		A54423D51FC1C781000784FB /* Solar.scnassets in Resources */ = {isa = PBXBuildFile; fileRef = A54423D41FC1C781000784FB /* Solar.scnassets */; };
		A5D4FEF31FBA288D00912892 /* Queue.swift in Sources */ = {isa = PBXBuildFile; fileRef = A5D4FEF21FBA288C00912892 /* Queue.swift */; };
/* End PBXBuildFile section */

/* Begin PBXContainerItemProxy section */
		A533FC291FB84A8B008A3439 /* PBXContainerItemProxy */ = {
			isa = PBXContainerItemProxy;
			containerPortal = A533FC0C1FB84A8B008A3439 /* Project object */;
			proxyType = 1;
			remoteGlobalIDString = A533FC131FB84A8B008A3439;
			remoteInfo = Planets;
		};
/* End PBXContainerItemProxy section */

/* Begin PBXFileReference section */
		A533FC141FB84A8B008A3439 /* ARSolar.app */ = {isa = PBXFileReference; explicitFileType = wrapper.application; includeInIndex = 0; path = ARSolar.app; sourceTree = BUILT_PRODUCTS_DIR; };
		A533FC171FB84A8B008A3439 /* AppDelegate.swift */ = {isa = PBXFileReference; lastKnownFileType = sourcecode.swift; path = AppDelegate.swift; sourceTree = "<group>"; };
		A533FC191FB84A8B008A3439 /* SolarViewController.swift */ = {isa = PBXFileReference; lastKnownFileType = sourcecode.swift; path = SolarViewController.swift; sourceTree = "<group>"; };
		A533FC1C1FB84A8B008A3439 /* Base */ = {isa = PBXFileReference; lastKnownFileType = file.storyboard; name = Base; path = Base.lproj/Main.storyboard; sourceTree = "<group>"; };
		A533FC1E1FB84A8B008A3439 /* Assets.xcassets */ = {isa = PBXFileReference; lastKnownFileType = folder.assetcatalog; path = Assets.xcassets; sourceTree = "<group>"; };
		A533FC211FB84A8B008A3439 /* Base */ = {isa = PBXFileReference; lastKnownFileType = file.storyboard; name = Base; path = Base.lproj/LaunchScreen.storyboard; sourceTree = "<group>"; };
		A533FC231FB84A8B008A3439 /* Info.plist */ = {isa = PBXFileReference; lastKnownFileType = text.plist.xml; path = Info.plist; sourceTree = "<group>"; };
		A533FC281FB84A8B008A3439 /* ARSolarTests.xctest */ = {isa = PBXFileReference; explicitFileType = wrapper.cfbundle; includeInIndex = 0; path = ARSolarTests.xctest; sourceTree = BUILT_PRODUCTS_DIR; };
		A533FC2C1FB84A8B008A3439 /* PlanetsTests.swift */ = {isa = PBXFileReference; lastKnownFileType = sourcecode.swift; path = PlanetsTests.swift; sourceTree = "<group>"; };
		A533FC2E1FB84A8B008A3439 /* Info.plist */ = {isa = PBXFileReference; lastKnownFileType = text.plist.xml; path = Info.plist; sourceTree = "<group>"; };
		A54423D41FC1C781000784FB /* Solar.scnassets */ = {isa = PBXFileReference; lastKnownFileType = wrapper.scnassets; path = Solar.scnassets; sourceTree = "<group>"; };
		A5D4FEF21FBA288C00912892 /* Queue.swift */ = {isa = PBXFileReference; fileEncoding = 4; lastKnownFileType = sourcecode.swift; path = Queue.swift; sourceTree = "<group>"; };
/* End PBXFileReference section */

/* Begin PBXFrameworksBuildPhase section */
		A533FC111FB84A8B008A3439 /* Frameworks */ = {
			isa = PBXFrameworksBuildPhase;
			buildActionMask = 2147483647;
			files = (
			);
			runOnlyForDeploymentPostprocessing = 0;
		};
		A533FC251FB84A8B008A3439 /* Frameworks */ = {
			isa = PBXFrameworksBuildPhase;
			buildActionMask = 2147483647;
			files = (
			);
			runOnlyForDeploymentPostprocessing = 0;
		};
/* End PBXFrameworksBuildPhase section */

/* Begin PBXGroup section */
		A533FC0B1FB84A8B008A3439 = {
			isa = PBXGroup;
			children = (
				A533FC161FB84A8B008A3439 /* ARSolar */,
				A533FC2B1FB84A8B008A3439 /* ARSolarTests */,
				A533FC151FB84A8B008A3439 /* Products */,
			);
			sourceTree = "<group>";
		};
		A533FC151FB84A8B008A3439 /* Products */ = {
			isa = PBXGroup;
			children = (
				A533FC141FB84A8B008A3439 /* ARSolar.app */,
				A533FC281FB84A8B008A3439 /* ARSolarTests.xctest */,
			);
			name = Products;
			sourceTree = "<group>";
		};
		A533FC161FB84A8B008A3439 /* ARSolar */ = {
			isa = PBXGroup;
			children = (
				A533FC171FB84A8B008A3439 /* AppDelegate.swift */,
				A533FC191FB84A8B008A3439 /* SolarViewController.swift */,
				A5D4FEF21FBA288C00912892 /* Queue.swift */,
				A54423D41FC1C781000784FB /* Solar.scnassets */,
				A533FC1B1FB84A8B008A3439 /* Main.storyboard */,
				A533FC1E1FB84A8B008A3439 /* Assets.xcassets */,
				A533FC201FB84A8B008A3439 /* LaunchScreen.storyboard */,
				A533FC231FB84A8B008A3439 /* Info.plist */,
			);
			path = ARSolar;
			sourceTree = "<group>";
		};
		A533FC2B1FB84A8B008A3439 /* ARSolarTests */ = {
			isa = PBXGroup;
			children = (
				A533FC2C1FB84A8B008A3439 /* PlanetsTests.swift */,
				A533FC2E1FB84A8B008A3439 /* Info.plist */,
			);
			path = ARSolarTests;
			sourceTree = "<group>";
		};
/* End PBXGroup section */

/* Begin PBXNativeTarget section */
		A533FC131FB84A8B008A3439 /* ARSolar */ = {
			isa = PBXNativeTarget;
			buildConfigurationList = A533FC311FB84A8B008A3439 /* Build configuration list for PBXNativeTarget "ARSolar" */;
			buildPhases = (
				A533FC101FB84A8B008A3439 /* Sources */,
				A533FC111FB84A8B008A3439 /* Frameworks */,
				A533FC121FB84A8B008A3439 /* Resources */,
			);
			buildRules = (
			);
			dependencies = (
			);
			name = ARSolar;
			productName = Planets;
			productReference = A533FC141FB84A8B008A3439 /* ARSolar.app */;
			productType = "com.apple.product-type.application";
		};
		A533FC271FB84A8B008A3439 /* ARSolarTests */ = {
			isa = PBXNativeTarget;
			buildConfigurationList = A533FC341FB84A8B008A3439 /* Build configuration list for PBXNativeTarget "ARSolarTests" */;
			buildPhases = (
				A533FC241FB84A8B008A3439 /* Sources */,
				A533FC251FB84A8B008A3439 /* Frameworks */,
				A533FC261FB84A8B008A3439 /* Resources */,
			);
			buildRules = (
			);
			dependencies = (
				A533FC2A1FB84A8B008A3439 /* PBXTargetDependency */,
			);
			name = ARSolarTests;
			productName = PlanetsTests;
			productReference = A533FC281FB84A8B008A3439 /* ARSolarTests.xctest */;
			productType = "com.apple.product-type.bundle.unit-test";
		};
/* End PBXNativeTarget section */

/* Begin PBXProject section */
		A533FC0C1FB84A8B008A3439 /* Project object */ = {
			isa = PBXProject;
			attributes = {
				LastSwiftUpdateCheck = 0910;
				LastUpgradeCheck = 0910;
				ORGANIZATIONNAME = "Mohamed Emad Hegab";
				TargetAttributes = {
					A533FC131FB84A8B008A3439 = {
						CreatedOnToolsVersion = 9.1;
						ProvisioningStyle = Automatic;
					};
					A533FC271FB84A8B008A3439 = {
						CreatedOnToolsVersion = 9.1;
						ProvisioningStyle = Automatic;
						TestTargetID = A533FC131FB84A8B008A3439;
					};
				};
			};
			buildConfigurationList = A533FC0F1FB84A8B008A3439 /* Build configuration list for PBXProject "ARSolar" */;
			compatibilityVersion = "Xcode 8.0";
			developmentRegion = en;
			hasScannedForEncodings = 0;
			knownRegions = (
				en,
				Base,
			);
			mainGroup = A533FC0B1FB84A8B008A3439;
			productRefGroup = A533FC151FB84A8B008A3439 /* Products */;
			projectDirPath = "";
			projectRoot = "";
			targets = (
				A533FC131FB84A8B008A3439 /* ARSolar */,
				A533FC271FB84A8B008A3439 /* ARSolarTests */,
			);
		};
/* End PBXProject section */

/* Begin PBXResourcesBuildPhase section */
		A533FC121FB84A8B008A3439 /* Resources */ = {
			isa = PBXResourcesBuildPhase;
			buildActionMask = 2147483647;
			files = (
				A533FC221FB84A8B008A3439 /* LaunchScreen.storyboard in Resources */,
				A533FC1F1FB84A8B008A3439 /* Assets.xcassets in Resources */,
				A54423D51FC1C781000784FB /* Solar.scnassets in Resources */,
				A533FC1D1FB84A8B008A3439 /* Main.storyboard in Resources */,
			);
			runOnlyForDeploymentPostprocessing = 0;
		};
		A533FC261FB84A8B008A3439 /* Resources */ = {
			isa = PBXResourcesBuildPhase;
			buildActionMask = 2147483647;
			files = (
			);
			runOnlyForDeploymentPostprocessing = 0;
		};
/* End PBXResourcesBuildPhase section */

/* Begin PBXSourcesBuildPhase section */
		A533FC101FB84A8B008A3439 /* Sources */ = {
			isa = PBXSourcesBuildPhase;
			buildActionMask = 2147483647;
			files = (
				A533FC1A1FB84A8B008A3439 /* SolarViewController.swift in Sources */,
				A5D4FEF31FBA288D00912892 /* Queue.swift in Sources */,
				A533FC181FB84A8B008A3439 /* AppDelegate.swift in Sources */,
			);
			runOnlyForDeploymentPostprocessing = 0;
		};
		A533FC241FB84A8B008A3439 /* Sources */ = {
			isa = PBXSourcesBuildPhase;
			buildActionMask = 2147483647;
			files = (
				A533FC2D1FB84A8B008A3439 /* PlanetsTests.swift in Sources */,
			);
			runOnlyForDeploymentPostprocessing = 0;
		};
/* End PBXSourcesBuildPhase section */

/* Begin PBXTargetDependency section */
		A533FC2A1FB84A8B008A3439 /* PBXTargetDependency */ = {
			isa = PBXTargetDependency;
			target = A533FC131FB84A8B008A3439 /* ARSolar */;
			targetProxy = A533FC291FB84A8B008A3439 /* PBXContainerItemProxy */;
		};
/* End PBXTargetDependency section */

/* Begin PBXVariantGroup section */
		A533FC1B1FB84A8B008A3439 /* Main.storyboard */ = {
			isa = PBXVariantGroup;
			children = (
				A533FC1C1FB84A8B008A3439 /* Base */,
			);
			name = Main.storyboard;
			sourceTree = "<group>";
		};
		A533FC201FB84A8B008A3439 /* LaunchScreen.storyboard */ = {
			isa = PBXVariantGroup;
			children = (
				A533FC211FB84A8B008A3439 /* Base */,
			);
			name = LaunchScreen.storyboard;
			sourceTree = "<group>";
		};
/* End PBXVariantGroup section */

/* Begin XCBuildConfiguration section */
		A533FC2F1FB84A8B008A3439 /* Debug */ = {
			isa = XCBuildConfiguration;
			buildSettings = {
				ALWAYS_SEARCH_USER_PATHS = NO;
				CLANG_ANALYZER_NONNULL = YES;
				CLANG_ANALYZER_NUMBER_OBJECT_CONVERSION = YES_AGGRESSIVE;
				CLANG_CXX_LANGUAGE_STANDARD = "gnu++14";
				CLANG_CXX_LIBRARY = "libc++";
				CLANG_ENABLE_MODULES = YES;
				CLANG_ENABLE_OBJC_ARC = YES;
				CLANG_WARN_BLOCK_CAPTURE_AUTORELEASING = YES;
				CLANG_WARN_BOOL_CONVERSION = YES;
				CLANG_WARN_COMMA = YES;
				CLANG_WARN_CONSTANT_CONVERSION = YES;
				CLANG_WARN_DIRECT_OBJC_ISA_USAGE = YES_ERROR;
				CLANG_WARN_DOCUMENTATION_COMMENTS = YES;
				CLANG_WARN_EMPTY_BODY = YES;
				CLANG_WARN_ENUM_CONVERSION = YES;
				CLANG_WARN_INFINITE_RECURSION = YES;
				CLANG_WARN_INT_CONVERSION = YES;
				CLANG_WARN_NON_LITERAL_NULL_CONVERSION = YES;
				CLANG_WARN_OBJC_LITERAL_CONVERSION = YES;
				CLANG_WARN_OBJC_ROOT_CLASS = YES_ERROR;
				CLANG_WARN_RANGE_LOOP_ANALYSIS = YES;
				CLANG_WARN_STRICT_PROTOTYPES = YES;
				CLANG_WARN_SUSPICIOUS_MOVE = YES;
				CLANG_WARN_UNGUARDED_AVAILABILITY = YES_AGGRESSIVE;
				CLANG_WARN_UNREACHABLE_CODE = YES;
				CLANG_WARN__DUPLICATE_METHOD_MATCH = YES;
				CODE_SIGN_IDENTITY = "iPhone Developer";
				COPY_PHASE_STRIP = NO;
				DEBUG_INFORMATION_FORMAT = dwarf;
				ENABLE_STRICT_OBJC_MSGSEND = YES;
				ENABLE_TESTABILITY = YES;
				GCC_C_LANGUAGE_STANDARD = gnu11;
				GCC_DYNAMIC_NO_PIC = NO;
				GCC_NO_COMMON_BLOCKS = YES;
				GCC_OPTIMIZATION_LEVEL = 0;
				GCC_PREPROCESSOR_DEFINITIONS = (
					"DEBUG=1",
					"$(inherited)",
				);
				GCC_WARN_64_TO_32_BIT_CONVERSION = YES;
				GCC_WARN_ABOUT_RETURN_TYPE = YES_ERROR;
				GCC_WARN_UNDECLARED_SELECTOR = YES;
				GCC_WARN_UNINITIALIZED_AUTOS = YES_AGGRESSIVE;
				GCC_WARN_UNUSED_FUNCTION = YES;
				GCC_WARN_UNUSED_VARIABLE = YES;
				IPHONEOS_DEPLOYMENT_TARGET = 11.1;
				MTL_ENABLE_DEBUG_INFO = YES;
				ONLY_ACTIVE_ARCH = YES;
				SDKROOT = iphoneos;
				SWIFT_ACTIVE_COMPILATION_CONDITIONS = DEBUG;
				SWIFT_OPTIMIZATION_LEVEL = "-Onone";
			};
			name = Debug;
		};
		A533FC301FB84A8B008A3439 /* Release */ = {
			isa = XCBuildConfiguration;
			buildSettings = {
				ALWAYS_SEARCH_USER_PATHS = NO;
				CLANG_ANALYZER_NONNULL = YES;
				CLANG_ANALYZER_NUMBER_OBJECT_CONVERSION = YES_AGGRESSIVE;
				CLANG_CXX_LANGUAGE_STANDARD = "gnu++14";
				CLANG_CXX_LIBRARY = "libc++";
				CLANG_ENABLE_MODULES = YES;
				CLANG_ENABLE_OBJC_ARC = YES;
				CLANG_WARN_BLOCK_CAPTURE_AUTORELEASING = YES;
				CLANG_WARN_BOOL_CONVERSION = YES;
				CLANG_WARN_COMMA = YES;
				CLANG_WARN_CONSTANT_CONVERSION = YES;
				CLANG_WARN_DIRECT_OBJC_ISA_USAGE = YES_ERROR;
				CLANG_WARN_DOCUMENTATION_COMMENTS = YES;
				CLANG_WARN_EMPTY_BODY = YES;
				CLANG_WARN_ENUM_CONVERSION = YES;
				CLANG_WARN_INFINITE_RECURSION = YES;
				CLANG_WARN_INT_CONVERSION = YES;
				CLANG_WARN_NON_LITERAL_NULL_CONVERSION = YES;
				CLANG_WARN_OBJC_LITERAL_CONVERSION = YES;
				CLANG_WARN_OBJC_ROOT_CLASS = YES_ERROR;
				CLANG_WARN_RANGE_LOOP_ANALYSIS = YES;
				CLANG_WARN_STRICT_PROTOTYPES = YES;
				CLANG_WARN_SUSPICIOUS_MOVE = YES;
				CLANG_WARN_UNGUARDED_AVAILABILITY = YES_AGGRESSIVE;
				CLANG_WARN_UNREACHABLE_CODE = YES;
				CLANG_WARN__DUPLICATE_METHOD_MATCH = YES;
				CODE_SIGN_IDENTITY = "iPhone Developer";
				COPY_PHASE_STRIP = NO;
				DEBUG_INFORMATION_FORMAT = "dwarf-with-dsym";
				ENABLE_NS_ASSERTIONS = NO;
				ENABLE_STRICT_OBJC_MSGSEND = YES;
				GCC_C_LANGUAGE_STANDARD = gnu11;
				GCC_NO_COMMON_BLOCKS = YES;
				GCC_WARN_64_TO_32_BIT_CONVERSION = YES;
				GCC_WARN_ABOUT_RETURN_TYPE = YES_ERROR;
				GCC_WARN_UNDECLARED_SELECTOR = YES;
				GCC_WARN_UNINITIALIZED_AUTOS = YES_AGGRESSIVE;
				GCC_WARN_UNUSED_FUNCTION = YES;
				GCC_WARN_UNUSED_VARIABLE = YES;
				IPHONEOS_DEPLOYMENT_TARGET = 11.1;
				MTL_ENABLE_DEBUG_INFO = NO;
				SDKROOT = iphoneos;
				SWIFT_OPTIMIZATION_LEVEL = "-Owholemodule";
				VALIDATE_PRODUCT = YES;
			};
			name = Release;
		};
		A533FC321FB84A8B008A3439 /* Debug */ = {
			isa = XCBuildConfiguration;
			buildSettings = {
				ASSETCATALOG_COMPILER_APPICON_NAME = AppIcon;
				CODE_SIGN_STYLE = Automatic;
				DEVELOPMENT_TEAM = 6XF42ZHPGY;
				INFOPLIST_FILE = "$(SRCROOT)/ARSolar/Info.plist";
				IPHONEOS_DEPLOYMENT_TARGET = 11.0;
				LD_RUNPATH_SEARCH_PATHS = "$(inherited) @executable_path/Frameworks";
				PRODUCT_BUNDLE_IDENTIFIER = com.thedarkdimension.Solar;
				PRODUCT_NAME = "$(TARGET_NAME)";
				SWIFT_VERSION = 4.0;
				TARGETED_DEVICE_FAMILY = "1,2";
			};
			name = Debug;
		};
		A533FC331FB84A8B008A3439 /* Release */ = {
			isa = XCBuildConfiguration;
			buildSettings = {
				ASSETCATALOG_COMPILER_APPICON_NAME = AppIcon;
				CODE_SIGN_STYLE = Automatic;
				DEVELOPMENT_TEAM = 6XF42ZHPGY;
				INFOPLIST_FILE = "$(SRCROOT)/ARSolar/Info.plist";
				IPHONEOS_DEPLOYMENT_TARGET = 11.0;
				LD_RUNPATH_SEARCH_PATHS = "$(inherited) @executable_path/Frameworks";
				PRODUCT_BUNDLE_IDENTIFIER = com.thedarkdimension.Solar;
				PRODUCT_NAME = "$(TARGET_NAME)";
				SWIFT_VERSION = 4.0;
				TARGETED_DEVICE_FAMILY = "1,2";
			};
			name = Release;
		};
		A533FC351FB84A8B008A3439 /* Debug */ = {
			isa = XCBuildConfiguration;
			buildSettings = {
				ALWAYS_EMBED_SWIFT_STANDARD_LIBRARIES = YES;
				BUNDLE_LOADER = "$(TEST_HOST)";
				CODE_SIGN_STYLE = Automatic;
				DEVELOPMENT_TEAM = 6XF42ZHPGY;
				INFOPLIST_FILE = ARSolarTests/Info.plist;
				LD_RUNPATH_SEARCH_PATHS = "$(inherited) @executable_path/Frameworks @loader_path/Frameworks";
				PRODUCT_BUNDLE_IDENTIFIER = com.thedarkdimension.ARSolarTests;
				PRODUCT_NAME = "$(TARGET_NAME)";
				SWIFT_VERSION = 4.0;
				TARGETED_DEVICE_FAMILY = "1,2";
				TEST_HOST = "$(BUILT_PRODUCTS_DIR)/ARSolar.app/ARSolar";
			};
			name = Debug;
		};
		A533FC361FB84A8B008A3439 /* Release */ = {
			isa = XCBuildConfiguration;
			buildSettings = {
				ALWAYS_EMBED_SWIFT_STANDARD_LIBRARIES = YES;
				BUNDLE_LOADER = "$(TEST_HOST)";
				CODE_SIGN_STYLE = Automatic;
				DEVELOPMENT_TEAM = 6XF42ZHPGY;
				INFOPLIST_FILE = ARSolarTests/Info.plist;
				LD_RUNPATH_SEARCH_PATHS = "$(inherited) @executable_path/Frameworks @loader_path/Frameworks";
				PRODUCT_BUNDLE_IDENTIFIER = com.thedarkdimension.ARSolarTests;
				PRODUCT_NAME = "$(TARGET_NAME)";
				SWIFT_VERSION = 4.0;
				TARGETED_DEVICE_FAMILY = "1,2";
				TEST_HOST = "$(BUILT_PRODUCTS_DIR)/ARSolar.app/ARSolar";
			};
			name = Release;
		};
/* End XCBuildConfiguration section */

/* Begin XCConfigurationList section */
		A533FC0F1FB84A8B008A3439 /* Build configuration list for PBXProject "ARSolar" */ = {
			isa = XCConfigurationList;
			buildConfigurations = (
				A533FC2F1FB84A8B008A3439 /* Debug */,
				A533FC301FB84A8B008A3439 /* Release */,
			);
			defaultConfigurationIsVisible = 0;
			defaultConfigurationName = Release;
		};
		A533FC311FB84A8B008A3439 /* Build configuration list for PBXNativeTarget "ARSolar" */ = {
			isa = XCConfigurationList;
			buildConfigurations = (
				A533FC321FB84A8B008A3439 /* Debug */,
				A533FC331FB84A8B008A3439 /* Release */,
			);
			defaultConfigurationIsVisible = 0;
			defaultConfigurationName = Release;
		};
		A533FC341FB84A8B008A3439 /* Build configuration list for PBXNativeTarget "ARSolarTests" */ = {
			isa = XCConfigurationList;
			buildConfigurations = (
				A533FC351FB84A8B008A3439 /* Debug */,
				A533FC361FB84A8B008A3439 /* Release */,
			);
			defaultConfigurationIsVisible = 0;
			defaultConfigurationName = Release;
		};
/* End XCConfigurationList section */
	};
	rootObject = A533FC0C1FB84A8B008A3439 /* Project object */;
}
